<?xml version="1.0" encoding="utf-8"?>
<Project ToolsVersion="4.0" xmlns="http://schemas.microsoft.com/developer/msbuild/2003">
  <ItemGroup>
    <ClCompile Include="main.cpp" />
    <ClCompile Include="OutputMemoryStream.cpp">
      <Filter>Streams</Filter>
    </ClCompile>
    <ClCompile Include="SocketUtil.cpp">
      <Filter>Sockets</Filter>
    </ClCompile>
    <ClCompile Include="TCPSocket.cpp">
      <Filter>Sockets</Filter>
    </ClCompile>
    <ClCompile Include="UDPSocket.cpp">
      <Filter>Sockets</Filter>
    </ClCompile>
    <ClCompile Include="InputMemoryStream.cpp">
      <Filter>Streams</Filter>
    </ClCompile>
    <ClCompile Include="RoboCat.cpp">
      <Filter>Objects</Filter>
    </ClCompile>
    <ClCompile Include="LinkingContext.cpp" />
    <ClCompile Include="Reflections.cpp">
      <Filter>Reflections</Filter>
    </ClCompile>
    <ClCompile Include="SocketAddressFactory.cpp">
      <Filter>Sockets</Filter>
    </ClCompile>
    <ClCompile Include="Common.cpp">
      <Filter>Commons</Filter>
    </ClCompile>
    <ClCompile Include="SocketAddress.cpp">
      <Filter>Sockets</Filter>
    </ClCompile>
    <ClCompile Include="ReplicationManager.cpp">
      <Filter>Replications</Filter>
    </ClCompile>
    <ClCompile Include="ReplicationHeader.cpp">
      <Filter>Replications</Filter>
    </ClCompile>
  </ItemGroup>
  <ItemGroup>
    <ClInclude Include="OutputMemoryStream.h">
      <Filter>Streams</Filter>
    </ClInclude>
    <ClInclude Include="SocketUtil.h">
      <Filter>Sockets</Filter>
    </ClInclude>
    <ClInclude Include="TCPSocket.h">
      <Filter>Sockets</Filter>
    </ClInclude>
    <ClInclude Include="UDPSocket.h">
      <Filter>Sockets</Filter>
    </ClInclude>
    <ClInclude Include="SocketAddress.h">
      <Filter>Sockets</Filter>
    </ClInclude>
    <ClInclude Include="SocketAddressFactory.h">
      <Filter>Sockets</Filter>
    </ClInclude>
    <ClInclude Include="InputMemoryStream.h">
      <Filter>Streams</Filter>
    </ClInclude>
    <ClInclude Include="ByteSwap.h" />
    <ClInclude Include="GameObject.h">
      <Filter>Objects</Filter>
    </ClInclude>
    <ClInclude Include="RoboCat.h">
      <Filter>Objects</Filter>
    </ClInclude>
    <ClInclude Include="LinkingContext.h" />
    <ClInclude Include="MemoryStream.h">
      <Filter>Streams</Filter>
    </ClInclude>
    <ClInclude Include="Reflections.h">
      <Filter>Reflections</Filter>
    </ClInclude>
    <ClInclude Include="TypeDef.h" />
    <ClInclude Include="ObjectCreationRegistry.h">
      <Filter>Objects</Filter>
    </ClInclude>
    <ClInclude Include="Common.h">
      <Filter>Commons</Filter>
    </ClInclude>
    <ClInclude Include="SingletonBase.h">
      <Filter>Commons</Filter>
    </ClInclude>
    <ClInclude Include="ReplicationManager.h">
      <Filter>Replications</Filter>
    </ClInclude>
    <ClInclude Include="ReplicationHeader.h">
      <Filter>Replications</Filter>
    </ClInclude>
  </ItemGroup>
  <ItemGroup>
    <Filter Include="Sockets">
      <UniqueIdentifier>{386e47f5-1110-4219-ada5-2ac6a9b7bf3e}</UniqueIdentifier>
    </Filter>
    <Filter Include="Streams">
      <UniqueIdentifier>{291b4e2b-da18-4e34-af99-c3b17f0c3da0}</UniqueIdentifier>
    </Filter>
    <Filter Include="Objects">
      <UniqueIdentifier>{86a9a65d-4fbc-4dcf-bcbd-68b2d8d93d85}</UniqueIdentifier>
    </Filter>
    <Filter Include="Reflections">
      <UniqueIdentifier>{7a6999bb-2385-4ed6-ae07-1faaf913834f}</UniqueIdentifier>
    </Filter>
    <Filter Include="Commons">
      <UniqueIdentifier>{54f5d34b-daa1-4c11-a0ee-bcaba0f08ae0}</UniqueIdentifier>
    </Filter>
    <Filter Include="Replications">
      <UniqueIdentifier>{b7502dea-52f3-4478-8808-f821a4b776ba}</UniqueIdentifier>
    </Filter>
  </ItemGroup>
</Project>